
Microsoft Visual Studio Solution File, Format Version 12.00
# Visual Studio Version 16
VisualStudioVersion = 16.0.29911.84
MinimumVisualStudioVersion = 10.0.40219.1
Project("{FAE04EC0-301F-11D3-BF4B-00C04F79EFBC}") = "EjemploForms", "EjemploForms\EjemploForms.csproj", "{CCBC645C-5F63-42EB-9498-65EA41B56658}"
EndProject
Global
	GlobalSection(SolutionConfigurationPlatforms) = preSolution
		Debug|Any CPU = Debug|Any CPU
		Release|Any CPU = Release|Any CPU
	EndGlobalSection
	GlobalSection(ProjectConfigurationPlatforms) = postSolution
		{CCBC645C-5F63-42EB-9498-65EA41B56658}.Debug|Any CPU.ActiveCfg = Debug|Any CPU
		{CCBC645C-5F63-42EB-9498-65EA41B56658}.Debug|Any CPU.Build.0 = Debug|Any CPU
		{CCBC645C-5F63-42EB-9498-65EA41B56658}.Release|Any CPU.ActiveCfg = Release|Any CPU
		{CCBC645C-5F63-42EB-9498-65EA41B56658}.Release|Any CPU.Build.0 = Release|Any CPU
	EndGlobalSection
	GlobalSection(SolutionProperties) = preSolution
		HideSolutionNode = FALSE
	EndGlobalSection
	GlobalSection(ExtensibilityGlobals) = postSolution
		SolutionGuid = {BA54DE88-56B5-4C84-8271-86A1D9DBA369}
	EndGlobalSection
EndGlobal
